
Microsoft Visual Studio Solution File, Format Version 12.00
# Visual Studio Version 17
VisualStudioVersion = 17.6.33829.357
MinimumVisualStudioVersion = 10.0.40219.1
Project("{FAE04EC0-301F-11D3-BF4B-00C04F79EFBC}") = "passagens", "passagens\passagens.csproj", "{CDFD370D-BC60-41C6-8CD7-8892CB77DDEE}"
EndProject
Global
	GlobalSection(SolutionConfigurationPlatforms) = preSolution
		Debug|Any CPU = Debug|Any CPU
		Release|Any CPU = Release|Any CPU
	EndGlobalSection
	GlobalSection(ProjectConfigurationPlatforms) = postSolution
		{CDFD370D-BC60-41C6-8CD7-8892CB77DDEE}.Debug|Any CPU.ActiveCfg = Debug|Any CPU
		{CDFD370D-BC60-41C6-8CD7-8892CB77DDEE}.Debug|Any CPU.Build.0 = Debug|Any CPU
		{CDFD370D-BC60-41C6-8CD7-8892CB77DDEE}.Release|Any CPU.ActiveCfg = Release|Any CPU
		{CDFD370D-BC60-41C6-8CD7-8892CB77DDEE}.Release|Any CPU.Build.0 = Release|Any CPU
	EndGlobalSection
	GlobalSection(SolutionProperties) = preSolution
		HideSolutionNode = FALSE
	EndGlobalSection
	GlobalSection(ExtensibilityGlobals) = postSolution
		SolutionGuid = {57D1E0E9-3999-4681-BB6D-58F3B5E2B3B3}
	EndGlobalSection
EndGlobal
